{
  "name": "globe-api",
  "version": "1.0.0",
  "lockfileVersion": 3,
  "requires": true,
  "packages": {
    "": {
      "name": "globe-api",
      "version": "1.0.0",
      "dependencies": {
        "@prisma/client": "^5.22.0",
        "bcrypt": "^6.0.0",
        "bcryptjs": "^2.4.3",
        "compression": "^1.8.1",
        "cookie-parser": "^1.4.7",
        "cors": "^2.8.5",
        "express": "^4.19.2",
        "express-rate-limit": "^8.1.0",
        "helmet": "^7.1.0",
        "jsonwebtoken": "^9.0.2",
        "morgan": "^1.10.1",
        "response-time": "^2.3.4",
        "zod": "^3.23.8"
      },
      "devDependencies": {
        "@types/bcrypt": "^6.0.0",
        "@types/bcryptjs": "^3.0.0",
        "@types/compression": "^1.8.1",
        "@types/cookie-parser": "^1.4.9",
        "@types/cors": "^2.8.19",
        "@types/express": "^4.17.21",
        "@types/jsonwebtoken": "^9.0.10",
        "@types/morgan": "^1.9.10",
        "@types/node": "^22.0.0",
        "@types/response-time": "^2.3.9",
        "prisma": "^5.22.0",
        "tsx": "^4.20.5",
        "typescript": "^5.6.2"
      }
    },
    "../../node_modules/.pnpm/@prisma+client@5.22.0_prisma@5.22.0/node_modules/@prisma/client": {
      "version": "5.22.0",
      "hasInstallScript": true,
      "license": "Apache-2.0",
      "devDependencies": {
        "@cloudflare/workers-types": "4.20240614.0",
        "@codspeed/benchmark.js-plugin": "3.1.1",
        "@faker-js/faker": "8.4.1",
        "@fast-check/jest": "1.8.2",
        "@inquirer/prompts": "5.0.5",
        "@jest/create-cache-key-function": "29.7.0",
        "@jest/globals": "29.7.0",
        "@jest/test-sequencer": "29.7.0",
        "@libsql/client": "0.8.0",
        "@neondatabase/serverless": "0.9.3",
        "@opentelemetry/api": "1.9.0",
        "@opentelemetry/context-async-hooks": "1.25.1",
        "@opentelemetry/instrumentation": "0.52.1",
        "@opentelemetry/resources": "1.25.1",
        "@opentelemetry/sdk-trace-base": "1.25.1",
        "@opentelemetry/semantic-conventions": "1.25.1",
        "@planetscale/database": "1.18.0",
        "@prisma/adapter-d1": "5.22.0",
        "@prisma/adapter-libsql": "5.22.0",
        "@prisma/adapter-neon": "5.22.0",
        "@prisma/adapter-pg": "5.22.0",
        "@prisma/adapter-pg-worker": "5.22.0",
        "@prisma/adapter-planetscale": "5.22.0",
        "@prisma/debug": "5.22.0",
        "@prisma/driver-adapter-utils": "5.22.0",
        "@prisma/engines": "5.22.0",
        "@prisma/engines-version": "5.22.0-44.605197351a3c8bdd595af2d2a9bc3025bca48ea2",
        "@prisma/fetch-engine": "5.22.0",
        "@prisma/generator-helper": "5.22.0",
        "@prisma/get-platform": "5.22.0",
        "@prisma/instrumentation": "5.22.0",
        "@prisma/internals": "5.22.0",
        "@prisma/migrate": "5.22.0",
        "@prisma/mini-proxy": "0.9.5",
        "@prisma/pg-worker": "5.22.0",
        "@prisma/query-engine-wasm": "5.22.0-44.605197351a3c8bdd595af2d2a9bc3025bca48ea2",
        "@snaplet/copycat": "0.17.3",
        "@swc-node/register": "1.10.9",
        "@swc/core": "1.6.13",
        "@swc/jest": "0.2.36",
        "@timsuchanek/copy": "1.4.5",
        "@types/debug": "4.1.12",
        "@types/fs-extra": "9.0.13",
        "@types/jest": "29.5.12",
        "@types/js-levenshtein": "1.1.3",
        "@types/mssql": "9.1.5",
        "@types/node": "18.19.31",
        "@types/pg": "8.11.6",
        "arg": "5.0.2",
        "benchmark": "2.1.4",
        "ci-info": "4.0.0",
        "decimal.js": "10.4.3",
        "detect-runtime": "1.0.4",
        "env-paths": "2.2.1",
        "esbuild": "0.23.0",
        "execa": "5.1.1",
        "expect-type": "0.19.0",
        "flat-map-polyfill": "0.3.8",
        "fs-extra": "11.1.1",
        "get-stream": "6.0.1",
        "globby": "11.1.0",
        "indent-string": "4.0.0",
        "jest": "29.7.0",
        "jest-extended": "4.0.2",
        "jest-junit": "16.0.0",
        "jest-serializer-ansi-escapes": "3.0.0",
        "jest-snapshot": "29.7.0",
        "js-levenshtein": "1.1.6",
        "kleur": "4.1.5",
        "klona": "2.0.6",
        "mariadb": "3.3.1",
        "memfs": "4.9.3",
        "mssql": "11.0.1",
        "new-github-issue-url": "0.2.1",
        "node-fetch": "3.3.2",
        "p-retry": "4.6.2",
        "pg": "8.11.5",
        "pkg-up": "3.1.0",
        "pluralize": "8.0.0",
        "resolve": "1.22.8",
        "rimraf": "3.0.2",
        "simple-statistics": "7.8.5",
        "sort-keys": "4.2.0",
        "source-map-support": "0.5.21",
        "sql-template-tag": "5.2.1",
        "stacktrace-parser": "0.1.10",
        "strip-ansi": "6.0.1",
        "strip-indent": "3.0.0",
        "ts-node": "10.9.2",
        "ts-pattern": "5.2.0",
        "tsd": "0.31.1",
        "typescript": "5.4.5",
        "undici": "5.28.4",
        "wrangler": "3.62.0",
        "zx": "7.2.3"
      },
      "engines": {
        "node": ">=16.13"
      },
      "peerDependencies": {
        "prisma": "*"
      },
      "peerDependenciesMeta": {
        "prisma": {
          "optional": true
        }
      }
    },
    "../../node_modules/.pnpm/@types+express@4.17.23/node_modules/@types/express": {
      "version": "4.17.23",
      "dev": true,
      "license": "MIT",
      "dependencies": {
        "@types/body-parser": "*",
        "@types/express-serve-static-core": "^4.17.33",
        "@types/qs": "*",
        "@types/serve-static": "*"
      }
    },
    "../../node_modules/.pnpm/@types+node@22.18.5/node_modules/@types/node": {
      "version": "22.18.5",
      "dev": true,
      "license": "MIT",
      "dependencies": {
        "undici-types": "~6.21.0"
      }
    },
    "../../node_modules/.pnpm/bcryptjs@2.4.3/node_modules/bcryptjs": {
      "version": "2.4.3",
      "license": "MIT",
      "devDependencies": {
        "bcrypt": "latest",
        "closurecompiler": "~1",
        "metascript": "~0.18",
        "testjs": "~1",
        "utfx": "~1"
      }
    },
    "../../node_modules/.pnpm/cookie-parser@1.4.7/node_modules/cookie-parser": {
      "version": "1.4.7",
      "license": "MIT",
      "dependencies": {
        "cookie": "0.7.2",
        "cookie-signature": "1.0.6"
      },
      "devDependencies": {
        "eslint": "7.32.0",
        "eslint-config-standard": "14.1.1",
        "eslint-plugin-import": "2.25.2",
        "eslint-plugin-markdown": "2.2.1",
        "eslint-plugin-node": "11.1.0",
        "eslint-plugin-promise": "4.3.1",
        "eslint-plugin-standard": "4.1.0",
        "mocha": "9.2.1",
        "nyc": "15.1.0",
        "supertest": "6.1.6"
      },
      "engines": {
        "node": ">= 0.8.0"
      }
    },
    "../../node_modules/.pnpm/cors@2.8.5/node_modules/cors": {
      "version": "2.8.5",
      "license": "MIT",
      "dependencies": {
        "object-assign": "^4",
        "vary": "^1"
      },
      "devDependencies": {
        "after": "0.8.2",
        "eslint": "2.13.1",
        "express": "4.16.3",
        "mocha": "5.2.0",
        "nyc": "13.1.0",
        "supertest": "3.3.0"
      },
      "engines": {
        "node": ">= 0.10"
      }
    },
    "../../node_modules/.pnpm/express@4.21.2/node_modules/express": {
      "version": "4.21.2",
      "license": "MIT",
      "dependencies": {
        "accepts": "~1.3.8",
        "array-flatten": "1.1.1",
        "body-parser": "1.20.3",
        "content-disposition": "0.5.4",
        "content-type": "~1.0.4",
        "cookie": "0.7.1",
        "cookie-signature": "1.0.6",
        "debug": "2.6.9",
        "depd": "2.0.0",
        "encodeurl": "~2.0.0",
        "escape-html": "~1.0.3",
        "etag": "~1.8.1",
        "finalhandler": "1.3.1",
        "fresh": "0.5.2",
        "http-errors": "2.0.0",
        "merge-descriptors": "1.0.3",
        "methods": "~1.1.2",
        "on-finished": "2.4.1",
        "parseurl": "~1.3.3",
        "path-to-regexp": "0.1.12",
        "proxy-addr": "~2.0.7",
        "qs": "6.13.0",
        "range-parser": "~1.2.1",
        "safe-buffer": "5.2.1",
        "send": "0.19.0",
        "serve-static": "1.16.2",
        "setprototypeof": "1.2.0",
        "statuses": "2.0.1",
        "type-is": "~1.6.18",
        "utils-merge": "1.0.1",
        "vary": "~1.1.2"
      },
      "devDependencies": {
        "after": "0.8.2",
        "connect-redis": "3.4.2",
        "cookie-parser": "1.4.6",
        "cookie-session": "2.0.0",
        "ejs": "3.1.9",
        "eslint": "8.47.0",
        "express-session": "1.17.2",
        "hbs": "4.2.0",
        "marked": "0.7.0",
        "method-override": "3.0.0",
        "mocha": "10.2.0",
        "morgan": "1.10.0",
        "nyc": "15.1.0",
        "pbkdf2-password": "1.2.1",
        "supertest": "6.3.0",
        "vhost": "~3.0.2"
      },
      "engines": {
        "node": ">= 0.10.0"
      },
      "funding": {
        "type": "opencollective",
        "url": "https://opencollective.com/express"
      }
    },
    "../../node_modules/.pnpm/helmet@7.2.0/node_modules/helmet": {
      "version": "7.2.0",
      "license": "MIT",
      "engines": {
        "node": ">=16.0.0"
      }
    },
    "../../node_modules/.pnpm/jsonwebtoken@9.0.2/node_modules/jsonwebtoken": {
      "version": "9.0.2",
      "license": "MIT",
      "dependencies": {
        "jws": "^3.2.2",
        "lodash.includes": "^4.3.0",
        "lodash.isboolean": "^3.0.3",
        "lodash.isinteger": "^4.0.4",
        "lodash.isnumber": "^3.0.3",
        "lodash.isplainobject": "^4.0.6",
        "lodash.isstring": "^4.0.1",
        "lodash.once": "^4.0.0",
        "ms": "^2.1.1",
        "semver": "^7.5.4"
      },
      "devDependencies": {
        "atob": "^2.1.2",
        "chai": "^4.1.2",
        "conventional-changelog": "~1.1.0",
        "cost-of-modules": "^1.0.1",
        "eslint": "^4.19.1",
        "mocha": "^5.2.0",
        "nsp": "^2.6.2",
        "nyc": "^11.9.0",
        "sinon": "^6.0.0"
      },
      "engines": {
        "node": ">=12",
        "npm": ">=6"
      }
    },
    "../../node_modules/.pnpm/prisma@5.22.0/node_modules/prisma": {
      "version": "5.22.0",
      "dev": true,
      "hasInstallScript": true,
      "license": "Apache-2.0",
      "dependencies": {
        "@prisma/engines": "5.22.0"
      },
      "bin": {
        "prisma": "build/index.js"
      },
      "devDependencies": {
        "@prisma/client": "5.22.0",
        "@prisma/debug": "5.22.0",
        "@prisma/fetch-engine": "5.22.0",
        "@prisma/generator-helper": "5.22.0",
        "@prisma/get-platform": "5.22.0",
        "@prisma/internals": "5.22.0",
        "@prisma/migrate": "5.22.0",
        "@prisma/mini-proxy": "0.9.5",
        "@prisma/studio": "0.503.0",
        "@prisma/studio-server": "0.503.0",
        "@swc/core": "1.6.13",
        "@swc/jest": "0.2.36",
        "@types/debug": "4.1.12",
        "@types/fs-extra": "9.0.13",
        "@types/jest": "29.5.12",
        "@types/node": "18.19.31",
        "@types/rimraf": "3.0.2",
        "async-listen": "3.0.1",
        "checkpoint-client": "1.1.33",
        "chokidar": "3.6.0",
        "debug": "4.3.6",
        "dotenv": "16.0.3",
        "esbuild": "0.23.0",
        "execa": "5.1.1",
        "fast-glob": "3.3.2",
        "fs-extra": "11.1.1",
        "fs-jetpack": "5.1.0",
        "get-port": "5.1.1",
        "global-dirs": "4.0.0",
        "jest": "29.7.0",
        "jest-junit": "16.0.0",
        "kleur": "4.1.5",
        "line-replace": "2.0.1",
        "log-update": "4.0.0",
        "node-fetch": "3.3.2",
        "npm-packlist": "5.1.3",
        "open": "7.4.2",
        "pkg-up": "3.1.0",
        "resolve-pkg": "2.0.0",
        "rimraf": "3.0.2",
        "strip-ansi": "6.0.1",
        "ts-pattern": "5.2.0",
        "typescript": "5.4.5",
        "xdg-app-paths": "8.3.0",
        "zx": "7.2.3"
      },
      "engines": {
        "node": ">=16.13"
      },
      "optionalDependencies": {
        "fsevents": "2.3.3"
      }
    },
    "../../node_modules/.pnpm/tsx@4.20.5/node_modules/tsx": {
      "version": "4.20.5",
      "dev": true,
      "license": "MIT",
      "dependencies": {
        "esbuild": "~0.25.0",
        "get-tsconfig": "^4.7.5"
      },
      "bin": {
        "tsx": "dist/cli.mjs"
      },
      "engines": {
        "node": ">=18.0.0"
      },
      "optionalDependencies": {
        "fsevents": "~2.3.3"
      }
    },
    "../../node_modules/.pnpm/typescript@5.9.2/node_modules/typescript": {
      "version": "5.9.2",
      "dev": true,
      "license": "Apache-2.0",
      "bin": {
        "tsc": "bin/tsc",
        "tsserver": "bin/tsserver"
      },
      "devDependencies": {
        "@dprint/formatter": "^0.4.1",
        "@dprint/typescript": "0.93.4",
        "@esfx/canceltoken": "^1.0.0",
        "@eslint/js": "^9.20.0",
        "@octokit/rest": "^21.1.1",
        "@types/chai": "^4.3.20",
        "@types/diff": "^7.0.1",
        "@types/minimist": "^1.2.5",
        "@types/mocha": "^10.0.10",
        "@types/ms": "^0.7.34",
        "@types/node": "latest",
        "@types/source-map-support": "^0.5.10",
        "@types/which": "^3.0.4",
        "@typescript-eslint/rule-tester": "^8.24.1",
        "@typescript-eslint/type-utils": "^8.24.1",
        "@typescript-eslint/utils": "^8.24.1",
        "azure-devops-node-api": "^14.1.0",
        "c8": "^10.1.3",
        "chai": "^4.5.0",
        "chokidar": "^4.0.3",
        "diff": "^7.0.0",
        "dprint": "^0.49.0",
        "esbuild": "^0.25.0",
        "eslint": "^9.20.1",
        "eslint-formatter-autolinkable-stylish": "^1.4.0",
        "eslint-plugin-regexp": "^2.7.0",
        "fast-xml-parser": "^4.5.2",
        "glob": "^10.4.5",
        "globals": "^15.15.0",
        "hereby": "^1.10.0",
        "jsonc-parser": "^3.3.1",
        "knip": "^5.44.4",
        "minimist": "^1.2.8",
        "mocha": "^10.8.2",
        "mocha-fivemat-progress-reporter": "^0.1.0",
        "monocart-coverage-reports": "^2.12.1",
        "ms": "^2.1.3",
        "picocolors": "^1.1.1",
        "playwright": "^1.50.1",
        "source-map-support": "^0.5.21",
        "tslib": "^2.8.1",
        "typescript": "^5.7.3",
        "typescript-eslint": "^8.24.1",
        "which": "^3.0.1"
      },
      "engines": {
        "node": ">=14.17"
      }
    },
    "../../node_modules/.pnpm/zod@3.25.76/node_modules/zod": {
      "version": "3.25.76",
      "license": "MIT",
      "funding": {
        "url": "https://github.com/sponsors/colinhacks"
      }
    },
    "node_modules/@prisma/client": {
      "resolved": "../../node_modules/.pnpm/@prisma+client@5.22.0_prisma@5.22.0/node_modules/@prisma/client",
      "link": true
    },
    "node_modules/@types/bcrypt": {
      "version": "6.0.0",
      "resolved": "https://registry.npmjs.org/@types/bcrypt/-/bcrypt-6.0.0.tgz",
      "integrity": "sha512-/oJGukuH3D2+D+3H4JWLaAsJ/ji86dhRidzZ/Od7H/i8g+aCmvkeCc6Ni/f9uxGLSQVCRZkX2/lqEFG2BvWtlQ==",
      "dev": true,
      "license": "MIT",
      "dependencies": {
        "@types/node": "*"
      }
    },
    "node_modules/@types/bcryptjs": {
      "version": "3.0.0",
      "resolved": "https://registry.npmjs.org/@types/bcryptjs/-/bcryptjs-3.0.0.tgz",
      "integrity": "sha512-WRZOuCuaz8UcZZE4R5HXTco2goQSI2XxjGY3hbM/xDvwmqFWd4ivooImsMx65OKM6CtNKbnZ5YL+YwAwK7c1dg==",
      "deprecated": "This is a stub types definition. bcryptjs provides its own type definitions, so you do not need this installed.",
      "dev": true,
      "license": "MIT",
      "dependencies": {
        "bcryptjs": "*"
      }
    },
    "node_modules/@types/compression": {
      "version": "1.8.1",
      "resolved": "https://registry.npmjs.org/@types/compression/-/compression-1.8.1.tgz",
      "integrity": "sha512-kCFuWS0ebDbmxs0AXYn6e2r2nrGAb5KwQhknjSPSPgJcGd8+HVSILlUyFhGqML2gk39HcG7D1ydW9/qpYkN00Q==",
      "dev": true,
      "license": "MIT",
      "dependencies": {
        "@types/express": "*",
        "@types/node": "*"
      }
    },
    "node_modules/@types/cookie-parser": {
      "version": "1.4.9",
      "resolved": "https://registry.npmjs.org/@types/cookie-parser/-/cookie-parser-1.4.9.tgz",
      "integrity": "sha512-tGZiZ2Gtc4m3wIdLkZ8mkj1T6CEHb35+VApbL2T14Dew8HA7c+04dmKqsKRNC+8RJPm16JEK0tFSwdZqubfc4g==",
      "dev": true,
      "license": "MIT",
      "peerDependencies": {
        "@types/express": "*"
      }
    },
    "node_modules/@types/cors": {
      "version": "2.8.19",
      "resolved": "https://registry.npmjs.org/@types/cors/-/cors-2.8.19.tgz",
      "integrity": "sha512-mFNylyeyqN93lfe/9CSxOGREz8cpzAhH+E93xJ4xWQf62V8sQ/24reV2nyzUWM6H6Xji+GGHpkbLe7pVoUEskg==",
      "dev": true,
      "license": "MIT",
      "dependencies": {
        "@types/node": "*"
      }
    },
    "node_modules/@types/express": {
      "resolved": "../../node_modules/.pnpm/@types+express@4.17.23/node_modules/@types/express",
      "link": true
    },
    "node_modules/@types/jsonwebtoken": {
      "version": "9.0.10",
      "resolved": "https://registry.npmjs.org/@types/jsonwebtoken/-/jsonwebtoken-9.0.10.tgz",
      "integrity": "sha512-asx5hIG9Qmf/1oStypjanR7iKTv0gXQ1Ov/jfrX6kS/EO0OFni8orbmGCn0672NHR3kXHwpAwR+B368ZGN/2rA==",
      "dev": true,
      "license": "MIT",
      "dependencies": {
        "@types/ms": "*",
        "@types/node": "*"
      }
    },
    "node_modules/@types/morgan": {
      "version": "1.9.10",
      "resolved": "https://registry.npmjs.org/@types/morgan/-/morgan-1.9.10.tgz",
      "integrity": "sha512-sS4A1zheMvsADRVfT0lYbJ4S9lmsey8Zo2F7cnbYjWHP67Q0AwMYuuzLlkIM2N8gAbb9cubhIVFwcIN2XyYCkA==",
      "dev": true,
      "license": "MIT",
      "dependencies": {
        "@types/node": "*"
      }
    },
    "node_modules/@types/ms": {
      "version": "2.1.0",
      "resolved": "https://registry.npmjs.org/@types/ms/-/ms-2.1.0.tgz",
      "integrity": "sha512-GsCCIZDE/p3i96vtEqx+7dBUGXrc7zeSK3wwPHIaRThS+9OhWIXRqzs4d6k1SVU8g91DrNRWxWUGhp5KXQb2VA==",
      "dev": true,
      "license": "MIT"
    },
    "node_modules/@types/node": {
      "resolved": "../../node_modules/.pnpm/@types+node@22.18.5/node_modules/@types/node",
      "link": true
    },
    "node_modules/@types/response-time": {
      "version": "2.3.9",
      "resolved": "https://registry.npmjs.org/@types/response-time/-/response-time-2.3.9.tgz",
      "integrity": "sha512-w5i5/y/1N3hkSBru1dat7Pf/YzdFLAANbKR78i2VIPnKw1Ub2ZNXE/n3K4v1BBMIIbAccgxpGZT8lIuLW284Dw==",
      "dev": true,
      "license": "MIT",
      "dependencies": {
        "@types/express": "*",
        "@types/node": "*"
      }
    },
    "node_modules/basic-auth": {
      "version": "2.0.1",
      "resolved": "https://registry.npmjs.org/basic-auth/-/basic-auth-2.0.1.tgz",
      "integrity": "sha512-NF+epuEdnUYVlGuhaxbbq+dvJttwLnGY+YixlXlME5KpQ5W3CnXA5cVTneY3SPbPDRkcjMbifrwmFYcClgOZeg==",
      "license": "MIT",
      "dependencies": {
        "safe-buffer": "5.1.2"
      },
      "engines": {
        "node": ">= 0.8"
      }
    },
    "node_modules/basic-auth/node_modules/safe-buffer": {
      "version": "5.1.2",
      "resolved": "https://registry.npmjs.org/safe-buffer/-/safe-buffer-5.1.2.tgz",
      "integrity": "sha512-Gd2UZBJDkXlY7GbJxfsE8/nvKkUEU1G38c1siN6QP6a9PT9MmHB8GnpscSmMJSoF8LOIrt8ud/wPtojys4G6+g==",
      "license": "MIT"
    },
    "node_modules/bcrypt": {
      "version": "6.0.0",
      "resolved": "https://registry.npmjs.org/bcrypt/-/bcrypt-6.0.0.tgz",
      "integrity": "sha512-cU8v/EGSrnH+HnxV2z0J7/blxH8gq7Xh2JFT6Aroax7UohdmiJJlxApMxtKfuI7z68NvvVcmR78k2LbT6efhRg==",
      "hasInstallScript": true,
      "license": "MIT",
      "dependencies": {
        "node-addon-api": "^8.3.0",
        "node-gyp-build": "^4.8.4"
      },
      "engines": {
        "node": ">= 18"
      }
    },
    "node_modules/bcryptjs": {
      "resolved": "../../node_modules/.pnpm/bcryptjs@2.4.3/node_modules/bcryptjs",
      "link": true
    },
    "node_modules/bytes": {
      "version": "3.1.2",
      "resolved": "https://registry.npmjs.org/bytes/-/bytes-3.1.2.tgz",
      "integrity": "sha512-/Nf7TyzTx6S3yRJObOAV7956r8cr2+Oj8AC5dt8wSP3BQAoeX58NoHyCU8P8zGkNXStjTSi6fzO6F0pBdcYbEg==",
      "license": "MIT",
      "engines": {
        "node": ">= 0.8"
      }
    },
    "node_modules/compressible": {
      "version": "2.0.18",
      "resolved": "https://registry.npmjs.org/compressible/-/compressible-2.0.18.tgz",
      "integrity": "sha512-AF3r7P5dWxL8MxyITRMlORQNaOA2IkAFaTr4k7BUumjPtRpGDTZpl0Pb1XCO6JeDCBdp126Cgs9sMxqSjgYyRg==",
      "license": "MIT",
      "dependencies": {
        "mime-db": ">= 1.43.0 < 2"
      },
      "engines": {
        "node": ">= 0.6"
      }
    },
    "node_modules/compression": {
      "version": "1.8.1",
      "resolved": "https://registry.npmjs.org/compression/-/compression-1.8.1.tgz",
      "integrity": "sha512-9mAqGPHLakhCLeNyxPkK4xVo746zQ/czLH1Ky+vkitMnWfWZps8r0qXuwhwizagCRttsL4lfG4pIOvaWLpAP0w==",
      "license": "MIT",
      "dependencies": {
        "bytes": "3.1.2",
        "compressible": "~2.0.18",
        "debug": "2.6.9",
        "negotiator": "~0.6.4",
        "on-headers": "~1.1.0",
        "safe-buffer": "5.2.1",
        "vary": "~1.1.2"
      },
      "engines": {
        "node": ">= 0.8.0"
      }
    },
    "node_modules/cookie-parser": {
      "resolved": "../../node_modules/.pnpm/cookie-parser@1.4.7/node_modules/cookie-parser",
      "link": true
    },
    "node_modules/cors": {
      "resolved": "../../node_modules/.pnpm/cors@2.8.5/node_modules/cors",
      "link": true
    },
    "node_modules/debug": {
      "version": "2.6.9",
      "resolved": "https://registry.npmjs.org/debug/-/debug-2.6.9.tgz",
      "integrity": "sha512-bC7ElrdJaJnPbAP+1EotYvqZsb3ecl5wi6Bfi6BJTUcNowp6cvspg0jXznRTKDjm/E7AdgFBVeAPVMNcKGsHMA==",
      "license": "MIT",
      "dependencies": {
        "ms": "2.0.0"
      }
    },
    "node_modules/depd": {
      "version": "2.0.0",
      "resolved": "https://registry.npmjs.org/depd/-/depd-2.0.0.tgz",
      "integrity": "sha512-g7nH6P6dyDioJogAAGprGpCtVImJhpPk/roCzdb3fIh61/s/nPsfR6onyMwkCAR/OlC3yBC0lESvUoQEAssIrw==",
      "license": "MIT",
      "engines": {
        "node": ">= 0.8"
      }
    },
    "node_modules/ee-first": {
      "version": "1.1.1",
      "resolved": "https://registry.npmjs.org/ee-first/-/ee-first-1.1.1.tgz",
      "integrity": "sha512-WMwm9LhRUo+WUaRN+vRuETqG89IgZphVSNkdFgeb6sS/E4OrDIN7t48CAewSHXc6C8lefD8KKfr5vY61brQlow==",
      "license": "MIT"
    },
    "node_modules/express": {
      "resolved": "../../node_modules/.pnpm/express@4.21.2/node_modules/express",
      "link": true
    },
    "node_modules/express-rate-limit": {
      "version": "8.1.0",
      "resolved": "https://registry.npmjs.org/express-rate-limit/-/express-rate-limit-8.1.0.tgz",
      "integrity": "sha512-4nLnATuKupnmwqiJc27b4dCFmB/T60ExgmtDD7waf4LdrbJ8CPZzZRHYErDYNhoz+ql8fUdYwM/opf90PoPAQA==",
      "license": "MIT",
      "dependencies": {
        "ip-address": "10.0.1"
      },
      "engines": {
        "node": ">= 16"
      },
      "funding": {
        "url": "https://github.com/sponsors/express-rate-limit"
      },
      "peerDependencies": {
        "express": ">= 4.11"
      }
    },
    "node_modules/helmet": {
      "resolved": "../../node_modules/.pnpm/helmet@7.2.0/node_modules/helmet",
      "link": true
    },
    "node_modules/ip-address": {
      "version": "10.0.1",
      "resolved": "https://registry.npmjs.org/ip-address/-/ip-address-10.0.1.tgz",
      "integrity": "sha512-NWv9YLW4PoW2B7xtzaS3NCot75m6nK7Icdv0o3lfMceJVRfSoQwqD4wEH5rLwoKJwUiZ/rfpiVBhnaF0FK4HoA==",
      "license": "MIT",
      "engines": {
        "node": ">= 12"
      }
    },
    "node_modules/jsonwebtoken": {
      "resolved": "../../node_modules/.pnpm/jsonwebtoken@9.0.2/node_modules/jsonwebtoken",
      "link": true
    },
    "node_modules/mime-db": {
      "version": "1.54.0",
      "resolved": "https://registry.npmjs.org/mime-db/-/mime-db-1.54.0.tgz",
      "integrity": "sha512-aU5EJuIN2WDemCcAp2vFBfp/m4EAhWJnUNSSw0ixs7/kXbd6Pg64EmwJkNdFhB8aWt1sH2CTXrLxo/iAGV3oPQ==",
      "license": "MIT",
      "engines": {
        "node": ">= 0.6"
      }
    },
    "node_modules/morgan": {
      "version": "1.10.1",
      "resolved": "https://registry.npmjs.org/morgan/-/morgan-1.10.1.tgz",
      "integrity": "sha512-223dMRJtI/l25dJKWpgij2cMtywuG/WiUKXdvwfbhGKBhy1puASqXwFzmWZ7+K73vUPoR7SS2Qz2cI/g9MKw0A==",
      "license": "MIT",
      "dependencies": {
        "basic-auth": "~2.0.1",
        "debug": "2.6.9",
        "depd": "~2.0.0",
        "on-finished": "~2.3.0",
        "on-headers": "~1.1.0"
      },
      "engines": {
        "node": ">= 0.8.0"
      }
    },
    "node_modules/ms": {
      "version": "2.0.0",
      "resolved": "https://registry.npmjs.org/ms/-/ms-2.0.0.tgz",
      "integrity": "sha512-Tpp60P6IUJDTuOq/5Z8cdskzJujfwqfOTkrwIwj7IRISpnkJnT6SyJ4PCPnGMoFjC9ddhal5KVIYtAt97ix05A==",
      "license": "MIT"
    },
    "node_modules/negotiator": {
      "version": "0.6.4",
      "resolved": "https://registry.npmjs.org/negotiator/-/negotiator-0.6.4.tgz",
      "integrity": "sha512-myRT3DiWPHqho5PrJaIRyaMv2kgYf0mUVgBNOYMuCH5Ki1yEiQaf/ZJuQ62nvpc44wL5WDbTX7yGJi1Neevw8w==",
      "license": "MIT",
      "engines": {
        "node": ">= 0.6"
      }
    },
    "node_modules/node-addon-api": {
      "version": "8.5.0",
      "resolved": "https://registry.npmjs.org/node-addon-api/-/node-addon-api-8.5.0.tgz",
      "integrity": "sha512-/bRZty2mXUIFY/xU5HLvveNHlswNJej+RnxBjOMkidWfwZzgTbPG1E3K5TOxRLOR+5hX7bSofy8yf1hZevMS8A==",
      "license": "MIT",
      "engines": {
        "node": "^18 || ^20 || >= 21"
      }
    },
    "node_modules/node-gyp-build": {
      "version": "4.8.4",
      "resolved": "https://registry.npmjs.org/node-gyp-build/-/node-gyp-build-4.8.4.tgz",
      "integrity": "sha512-LA4ZjwlnUblHVgq0oBF3Jl/6h/Nvs5fzBLwdEF4nuxnFdsfajde4WfxtJr3CaiH+F6ewcIB/q4jQ4UzPyid+CQ==",
      "license": "MIT",
      "bin": {
        "node-gyp-build": "bin.js",
        "node-gyp-build-optional": "optional.js",
        "node-gyp-build-test": "build-test.js"
      }
    },
    "node_modules/on-finished": {
      "version": "2.3.0",
      "resolved": "https://registry.npmjs.org/on-finished/-/on-finished-2.3.0.tgz",
      "integrity": "sha512-ikqdkGAAyf/X/gPhXGvfgAytDZtDbr+bkNUJ0N9h5MI/dmdgCs3l6hoHrcUv41sRKew3jIwrp4qQDXiK99Utww==",
      "license": "MIT",
      "dependencies": {
        "ee-first": "1.1.1"
      },
      "engines": {
        "node": ">= 0.8"
      }
    },
    "node_modules/on-headers": {
      "version": "1.1.0",
      "resolved": "https://registry.npmjs.org/on-headers/-/on-headers-1.1.0.tgz",
      "integrity": "sha512-737ZY3yNnXy37FHkQxPzt4UZ2UWPWiCZWLvFZ4fu5cueciegX0zGPnrlY6bwRg4FdQOe9YU8MkmJwGhoMybl8A==",
      "license": "MIT",
      "engines": {
        "node": ">= 0.8"
      }
    },
    "node_modules/prisma": {
      "resolved": "../../node_modules/.pnpm/prisma@5.22.0/node_modules/prisma",
      "link": true
    },
    "node_modules/response-time": {
      "version": "2.3.4",
      "resolved": "https://registry.npmjs.org/response-time/-/response-time-2.3.4.tgz",
      "integrity": "sha512-fiyq1RvW5/Br6iAtT8jN1XrNY8WPu2+yEypLbaijWry8WDZmn12azG9p/+c+qpEebURLlQmqCB8BNSu7ji+xQQ==",
      "license": "MIT",
      "dependencies": {
        "depd": "~2.0.0",
        "on-headers": "~1.1.0"
      },
      "engines": {
        "node": ">= 0.8.0"
      }
    },
    "node_modules/safe-buffer": {
      "version": "5.2.1",
      "resolved": "https://registry.npmjs.org/safe-buffer/-/safe-buffer-5.2.1.tgz",
      "integrity": "sha512-rp3So07KcdmmKbGvgaNxQSJr7bGVSVk5S9Eq1F+ppbRo70+YeaDxkw5Dd8NPN+GD6bjnYm2VuPuCXmpuYvmCXQ==",
      "funding": [
        {
          "type": "github",
          "url": "https://github.com/sponsors/feross"
        },
        {
          "type": "patreon",
          "url": "https://www.patreon.com/feross"
        },
        {
          "type": "consulting",
          "url": "https://feross.org/support"
        }
      ],
      "license": "MIT"
    },
    "node_modules/tsx": {
      "resolved": "../../node_modules/.pnpm/tsx@4.20.5/node_modules/tsx",
      "link": true
    },
    "node_modules/typescript": {
      "resolved": "../../node_modules/.pnpm/typescript@5.9.2/node_modules/typescript",
      "link": true
    },
    "node_modules/vary": {
      "version": "1.1.2",
      "resolved": "https://registry.npmjs.org/vary/-/vary-1.1.2.tgz",
      "integrity": "sha512-BNGbWLfd0eUPabhkXUVm0j8uuvREyTh5ovRa/dyow/BqAbZJyC+5fU+IzQOzmAKzYqYRAISoRhdQr3eIZ/PXqg==",
      "license": "MIT",
      "engines": {
        "node": ">= 0.8"
      }
    },
    "node_modules/zod": {
      "resolved": "../../node_modules/.pnpm/zod@3.25.76/node_modules/zod",
      "link": true
    }
  }
}
